{
  "name": "test1",
  "lockfileVersion": 2,
  "requires": true,
  "packages": {
    "": {
      "dependencies": {
        "commander": "^8.0.0",
        "jsonld": "^5.0.0",
        "n3": "^1.9.0"
      }
    },
    "node_modules/@digitalbazaar/http-client": {
      "version": "1.0.0",
      "resolved": "https://registry.npmjs.org/@digitalbazaar/http-client/-/http-client-1.0.0.tgz",
      "integrity": "sha512-BuaQ5DT1Fmdj178IAEOnWjgg8mmJPo5eEInS1pPOqDCItgFiUEdCR1KiR5Ey/oD+h1Zx0ozYQnP/a2Z7TCCKRg==",
      "dependencies": {
        "esm": "^3.2.22",
        "ky": "^0.20.0",
        "ky-universal": "^0.7.0"
      },
      "engines": {
        "node": ">=10.0.0"
      }
    },
    "node_modules/abort-controller": {
      "version": "3.0.0",
      "resolved": "https://registry.npmjs.org/abort-controller/-/abort-controller-3.0.0.tgz",
      "integrity": "sha512-h8lQ8tacZYnR3vNQTgibj+tODHI5/+l06Au2Pcriv/Gmet0eaj4TwWH41sO9wnHDiQsEj19q0drzdWdeAHtweg==",
      "dependencies": {
        "event-target-shim": "^5.0.0"
      },
      "engines": {
        "node": ">=6.5"
      }
    },
    "node_modules/canonicalize": {
      "version": "1.0.5",
      "resolved": "https://registry.npmjs.org/canonicalize/-/canonicalize-1.0.5.tgz",
      "integrity": "sha512-mAjKJPIyP0xqqv6IAkvso07StOmz6cmGtNDg3pXCSzXVZOqka7StIkAhJl/zHOi4M2CgpYfD6aeRWbnrmtvBEA=="
    },
    "node_modules/commander": {
      "version": "8.0.0",
      "resolved": "https://registry.npmjs.org/commander/-/commander-8.0.0.tgz",
      "integrity": "sha512-Xvf85aAtu6v22+E5hfVoLHqyul/jyxh91zvqk/ioJTQuJR7Z78n7H558vMPKanPSRgIEeZemT92I2g9Y8LPbSQ==",
      "engines": {
        "node": ">= 12"
      }
    },
    "node_modules/data-uri-to-buffer": {
      "version": "3.0.1",
      "resolved": "https://registry.npmjs.org/data-uri-to-buffer/-/data-uri-to-buffer-3.0.1.tgz",
      "integrity": "sha512-WboRycPNsVw3B3TL559F7kuBUM4d8CgMEvk6xEJlOp7OBPjt6G7z8WMWlD2rOFZLk6OYfFIUGsCOWzcQH9K2og==",
      "engines": {
        "node": ">= 6"
      }
    },
    "node_modules/esm": {
      "version": "3.2.25",
      "resolved": "https://registry.npmjs.org/esm/-/esm-3.2.25.tgz",
      "integrity": "sha512-U1suiZ2oDVWv4zPO56S0NcR5QriEahGtdN2OR6FiOG4WJvcjBVFB0qI4+eKoWFH483PKGuLuu6V8Z4T5g63UVA==",
      "engines": {
        "node": ">=6"
      }
    },
    "node_modules/event-target-shim": {
      "version": "5.0.1",
      "resolved": "https://registry.npmjs.org/event-target-shim/-/event-target-shim-5.0.1.tgz",
      "integrity": "sha512-i/2XbnSz/uxRCU6+NdVJgKWDTM427+MqYbkQzD321DuCQJUqOuJKIA0IM2+W2xtYHdKOmZ4dR6fExsd4SXL+WQ==",
      "engines": {
        "node": ">=6"
      }
    },
    "node_modules/fetch-blob": {
      "version": "1.0.6",
      "resolved": "https://registry.npmjs.org/fetch-blob/-/fetch-blob-1.0.6.tgz",
      "integrity": "sha512-XTotUY7hVtqdbHE0Ilm/u/nnXRv1T8nepxhMHzB885O0EkVvI05UlZq7rHQSd6hVDCNAGx4HTjbJO60Onjfckw==",
      "engines": {
        "node": ">=6"
      }
    },
    "node_modules/inherits": {
      "version": "2.0.4",
      "resolved": "https://registry.npmjs.org/inherits/-/inherits-2.0.4.tgz",
      "integrity": "sha512-k/vGaX4/Yla3WzyMCvTQOXYeIHvqOKtnqBduzTHpzpQZzAskKMhZ2K+EnBiSM9zGSoIFeMpXKxa4dYeZIQqewQ=="
    },
    "node_modules/jsonld": {
      "version": "5.0.0",
      "resolved": "https://registry.npmjs.org/jsonld/-/jsonld-5.0.0.tgz",
      "integrity": "sha512-1fbd0VTgMT5maN5AhWoQhzbiXlij9giX3EseUw6dZbZRun1Mu7I0f+6WpyacBVfAcU215hxpgW+/ONgUNoCvdw==",
      "dependencies": {
        "@digitalbazaar/http-client": "^1.0.0",
        "canonicalize": "^1.0.1",
        "lru-cache": "^6.0.0",
        "rdf-canonize": "^2.0.1"
      },
      "engines": {
        "node": ">=12"
      }
    },
    "node_modules/ky": {
      "version": "0.20.0",
      "resolved": "https://registry.npmjs.org/ky/-/ky-0.20.0.tgz",
      "integrity": "sha512-JAfwtwj+t7WqRus88PfBj25aAjRQUgMhk7aB2ufjQ6v8faoNwMy02mfSQ0iNXWCbJGcSl2JZ5ckaiywRjbq0Uw==",
      "engines": {
        "node": ">=10"
      }
    },
    "node_modules/ky-universal": {
      "version": "0.7.0",
      "resolved": "https://registry.npmjs.org/ky-universal/-/ky-universal-0.7.0.tgz",
      "integrity": "sha512-lJ39wTuCor/jcNqXd4jvNWw8Rq0eRYJqcof4sjF4aY0sfoj87aFiSKy1Vur7mQ8Jma29rG4qs6SRSeSVatKYlQ==",
      "dependencies": {
        "abort-controller": "^3.0.0",
        "node-fetch": "^3.0.0-beta.6-exportfix"
      },
      "engines": {
        "node": ">=10.16"
      }
    },
    "node_modules/lru-cache": {
      "version": "6.0.0",
      "resolved": "https://registry.npmjs.org/lru-cache/-/lru-cache-6.0.0.tgz",
      "integrity": "sha512-Jo6dJ04CmSjuznwJSS3pUeWmd/H0ffTlkXXgwZi+eq1UCmqQwCh+eLsYOYCwY991i2Fah4h1BEMCx4qThGbsiA==",
      "dependencies": {
        "yallist": "^4.0.0"
      },
      "engines": {
        "node": ">=10"
      }
    },
    "node_modules/n3": {
      "version": "1.9.0",
      "resolved": "https://registry.npmjs.org/n3/-/n3-1.9.0.tgz",
      "integrity": "sha512-63+NEVkNjFX77HmA8oifM9LGEOhpFT/fEdnfDDHjqt1CSLuVuK+f31kqkPI0T5m7x+Rdu0rSM4Sx2A0MuNp3rg==",
      "dependencies": {
        "queue-microtask": "^1.1.2",
        "readable-stream": "^3.6.0"
      },
      "engines": {
        "node": ">=8.0"
      }
    },
    "node_modules/node-fetch": {
      "version": "3.0.0-beta.6-exportfix",
      "resolved": "https://registry.npmjs.org/node-fetch/-/node-fetch-3.0.0-beta.6-exportfix.tgz",
      "integrity": "sha512-jhW2arLPAddi7q04JxlQtApqMQF8GxlGZV+wj5/WuDz3hpDTnAU9haJ5Fi2a0N3b4e728O4EIVACNq9nDCzLYw==",
      "dependencies": {
        "data-uri-to-buffer": "^3.0.0",
        "fetch-blob": "^1.0.6"
      },
      "engines": {
        "node": ">=10.16"
      }
    },
    "node_modules/queue-microtask": {
      "version": "1.2.3",
      "resolved": "https://registry.npmjs.org/queue-microtask/-/queue-microtask-1.2.3.tgz",
      "integrity": "sha512-NuaNSa6flKT5JaSYQzJok04JzTL1CA6aGhv5rfLW3PgqA+M2ChpZQnAC8h8i4ZFkBS8X5RqkDBHA7r4hej3K9A=="
    },
    "node_modules/rdf-canonize": {
      "version": "2.0.1",
      "resolved": "https://registry.npmjs.org/rdf-canonize/-/rdf-canonize-2.0.1.tgz",
      "integrity": "sha512-/GVELjrfW8G/wS4QfDZ5Kq68cS1belVNJqZlcwiErerexeBUsgOINCROnP7UumWIBNdeCwTVLE9NVXMnRYK0lA==",
      "dependencies": {
        "semver": "^6.3.0",
        "setimmediate": "^1.0.5"
      },
      "engines": {
        "node": ">=6"
      }
    },
    "node_modules/readable-stream": {
      "version": "3.6.0",
      "resolved": "https://registry.npmjs.org/readable-stream/-/readable-stream-3.6.0.tgz",
      "integrity": "sha512-BViHy7LKeTz4oNnkcLJ+lVSL6vpiFeX6/d3oSH8zCW7UxP2onchk+vTGB143xuFjHS3deTgkKoXXymXqymiIdA==",
      "dependencies": {
        "inherits": "^2.0.3",
        "string_decoder": "^1.1.1",
        "util-deprecate": "^1.0.1"
      },
      "engines": {
        "node": ">= 6"
      }
    },
    "node_modules/safe-buffer": {
      "version": "5.2.1",
      "resolved": "https://registry.npmjs.org/safe-buffer/-/safe-buffer-5.2.1.tgz",
      "integrity": "sha512-rp3So07KcdmmKbGvgaNxQSJr7bGVSVk5S9Eq1F+ppbRo70+YeaDxkw5Dd8NPN+GD6bjnYm2VuPuCXmpuYvmCXQ=="
    },
    "node_modules/semver": {
      "version": "6.3.0",
      "resolved": "https://registry.npmjs.org/semver/-/semver-6.3.0.tgz",
      "integrity": "sha512-b39TBaTSfV6yBrapU89p5fKekE2m/NwnDocOVruQFS1/veMgdzuPcnOM34M6CwxW8jH/lxEa5rBoDeUwu5HHTw==",
      "bin": {
        "semver": "bin/semver.js"
      }
    },
    "node_modules/setimmediate": {
      "version": "1.0.5",
      "resolved": "https://registry.npmjs.org/setimmediate/-/setimmediate-1.0.5.tgz",
      "integrity": "sha1-KQy7Iy4waULX1+qbg3Mqt4VvgoU="
    },
    "node_modules/string_decoder": {
      "version": "1.3.0",
      "resolved": "https://registry.npmjs.org/string_decoder/-/string_decoder-1.3.0.tgz",
      "integrity": "sha512-hkRX8U1WjJFd8LsDJ2yQ/wWWxaopEsABU1XfkM8A+j0+85JAGppt16cr1Whg6KIbb4okU6Mql6BOj+uup/wKeA==",
      "dependencies": {
        "safe-buffer": "~5.2.0"
      }
    },
    "node_modules/util-deprecate": {
      "version": "1.0.2",
      "resolved": "https://registry.npmjs.org/util-deprecate/-/util-deprecate-1.0.2.tgz",
      "integrity": "sha1-RQ1Nyfpw3nMnYvvS1KKJgUGaDM8="
    },
    "node_modules/yallist": {
      "version": "4.0.0",
      "resolved": "https://registry.npmjs.org/yallist/-/yallist-4.0.0.tgz",
      "integrity": "sha512-3wdGidZyq5PB084XLES5TpOSRA3wjXAlIWMhum2kRcv/41Sn2emQ0dycQW4uZXLejwKvg6EsvbdlVL+FYEct7A=="
    }
  },
  "dependencies": {
    "@digitalbazaar/http-client": {
      "version": "1.0.0",
      "resolved": "https://registry.npmjs.org/@digitalbazaar/http-client/-/http-client-1.0.0.tgz",
      "integrity": "sha512-BuaQ5DT1Fmdj178IAEOnWjgg8mmJPo5eEInS1pPOqDCItgFiUEdCR1KiR5Ey/oD+h1Zx0ozYQnP/a2Z7TCCKRg==",
      "requires": {
        "esm": "^3.2.22",
        "ky": "^0.20.0",
        "ky-universal": "^0.7.0"
      }
    },
    "abort-controller": {
      "version": "3.0.0",
      "resolved": "https://registry.npmjs.org/abort-controller/-/abort-controller-3.0.0.tgz",
      "integrity": "sha512-h8lQ8tacZYnR3vNQTgibj+tODHI5/+l06Au2Pcriv/Gmet0eaj4TwWH41sO9wnHDiQsEj19q0drzdWdeAHtweg==",
      "requires": {
        "event-target-shim": "^5.0.0"
      }
    },
    "canonicalize": {
      "version": "1.0.5",
      "resolved": "https://registry.npmjs.org/canonicalize/-/canonicalize-1.0.5.tgz",
      "integrity": "sha512-mAjKJPIyP0xqqv6IAkvso07StOmz6cmGtNDg3pXCSzXVZOqka7StIkAhJl/zHOi4M2CgpYfD6aeRWbnrmtvBEA=="
    },
    "commander": {
      "version": "8.0.0",
      "resolved": "https://registry.npmjs.org/commander/-/commander-8.0.0.tgz",
      "integrity": "sha512-Xvf85aAtu6v22+E5hfVoLHqyul/jyxh91zvqk/ioJTQuJR7Z78n7H558vMPKanPSRgIEeZemT92I2g9Y8LPbSQ=="
    },
    "data-uri-to-buffer": {
      "version": "3.0.1",
      "resolved": "https://registry.npmjs.org/data-uri-to-buffer/-/data-uri-to-buffer-3.0.1.tgz",
      "integrity": "sha512-WboRycPNsVw3B3TL559F7kuBUM4d8CgMEvk6xEJlOp7OBPjt6G7z8WMWlD2rOFZLk6OYfFIUGsCOWzcQH9K2og=="
    },
    "esm": {
      "version": "3.2.25",
      "resolved": "https://registry.npmjs.org/esm/-/esm-3.2.25.tgz",
      "integrity": "sha512-U1suiZ2oDVWv4zPO56S0NcR5QriEahGtdN2OR6FiOG4WJvcjBVFB0qI4+eKoWFH483PKGuLuu6V8Z4T5g63UVA=="
    },
    "event-target-shim": {
      "version": "5.0.1",
      "resolved": "https://registry.npmjs.org/event-target-shim/-/event-target-shim-5.0.1.tgz",
      "integrity": "sha512-i/2XbnSz/uxRCU6+NdVJgKWDTM427+MqYbkQzD321DuCQJUqOuJKIA0IM2+W2xtYHdKOmZ4dR6fExsd4SXL+WQ=="
    },
    "fetch-blob": {
      "version": "1.0.6",
      "resolved": "https://registry.npmjs.org/fetch-blob/-/fetch-blob-1.0.6.tgz",
      "integrity": "sha512-XTotUY7hVtqdbHE0Ilm/u/nnXRv1T8nepxhMHzB885O0EkVvI05UlZq7rHQSd6hVDCNAGx4HTjbJO60Onjfckw=="
    },
    "inherits": {
      "version": "2.0.4",
      "resolved": "https://registry.npmjs.org/inherits/-/inherits-2.0.4.tgz",
      "integrity": "sha512-k/vGaX4/Yla3WzyMCvTQOXYeIHvqOKtnqBduzTHpzpQZzAskKMhZ2K+EnBiSM9zGSoIFeMpXKxa4dYeZIQqewQ=="
    },
    "jsonld": {
      "version": "5.0.0",
      "resolved": "https://registry.npmjs.org/jsonld/-/jsonld-5.0.0.tgz",
      "integrity": "sha512-1fbd0VTgMT5maN5AhWoQhzbiXlij9giX3EseUw6dZbZRun1Mu7I0f+6WpyacBVfAcU215hxpgW+/ONgUNoCvdw==",
      "requires": {
        "@digitalbazaar/http-client": "^1.0.0",
        "canonicalize": "^1.0.1",
        "lru-cache": "^6.0.0",
        "rdf-canonize": "^2.0.1"
      }
    },
    "ky": {
      "version": "0.20.0",
      "resolved": "https://registry.npmjs.org/ky/-/ky-0.20.0.tgz",
      "integrity": "sha512-JAfwtwj+t7WqRus88PfBj25aAjRQUgMhk7aB2ufjQ6v8faoNwMy02mfSQ0iNXWCbJGcSl2JZ5ckaiywRjbq0Uw=="
    },
    "ky-universal": {
      "version": "0.7.0",
      "resolved": "https://registry.npmjs.org/ky-universal/-/ky-universal-0.7.0.tgz",
      "integrity": "sha512-lJ39wTuCor/jcNqXd4jvNWw8Rq0eRYJqcof4sjF4aY0sfoj87aFiSKy1Vur7mQ8Jma29rG4qs6SRSeSVatKYlQ==",
      "requires": {
        "abort-controller": "^3.0.0",
        "node-fetch": "^3.0.0-beta.6-exportfix"
      }
    },
    "lru-cache": {
      "version": "6.0.0",
      "resolved": "https://registry.npmjs.org/lru-cache/-/lru-cache-6.0.0.tgz",
      "integrity": "sha512-Jo6dJ04CmSjuznwJSS3pUeWmd/H0ffTlkXXgwZi+eq1UCmqQwCh+eLsYOYCwY991i2Fah4h1BEMCx4qThGbsiA==",
      "requires": {
        "yallist": "^4.0.0"
      }
    },
    "n3": {
      "version": "1.9.0",
      "resolved": "https://registry.npmjs.org/n3/-/n3-1.9.0.tgz",
      "integrity": "sha512-63+NEVkNjFX77HmA8oifM9LGEOhpFT/fEdnfDDHjqt1CSLuVuK+f31kqkPI0T5m7x+Rdu0rSM4Sx2A0MuNp3rg==",
      "requires": {
        "queue-microtask": "^1.1.2",
        "readable-stream": "^3.6.0"
      }
    },
    "node-fetch": {
      "version": "3.0.0-beta.6-exportfix",
      "resolved": "https://registry.npmjs.org/node-fetch/-/node-fetch-3.0.0-beta.6-exportfix.tgz",
      "integrity": "sha512-jhW2arLPAddi7q04JxlQtApqMQF8GxlGZV+wj5/WuDz3hpDTnAU9haJ5Fi2a0N3b4e728O4EIVACNq9nDCzLYw==",
      "requires": {
        "data-uri-to-buffer": "^3.0.0",
        "fetch-blob": "^1.0.6"
      }
    },
    "queue-microtask": {
      "version": "1.2.3",
      "resolved": "https://registry.npmjs.org/queue-microtask/-/queue-microtask-1.2.3.tgz",
      "integrity": "sha512-NuaNSa6flKT5JaSYQzJok04JzTL1CA6aGhv5rfLW3PgqA+M2ChpZQnAC8h8i4ZFkBS8X5RqkDBHA7r4hej3K9A=="
    },
    "rdf-canonize": {
      "version": "2.0.1",
      "resolved": "https://registry.npmjs.org/rdf-canonize/-/rdf-canonize-2.0.1.tgz",
      "integrity": "sha512-/GVELjrfW8G/wS4QfDZ5Kq68cS1belVNJqZlcwiErerexeBUsgOINCROnP7UumWIBNdeCwTVLE9NVXMnRYK0lA==",
      "requires": {
        "semver": "^6.3.0",
        "setimmediate": "^1.0.5"
      }
    },
    "readable-stream": {
      "version": "3.6.0",
      "resolved": "https://registry.npmjs.org/readable-stream/-/readable-stream-3.6.0.tgz",
      "integrity": "sha512-BViHy7LKeTz4oNnkcLJ+lVSL6vpiFeX6/d3oSH8zCW7UxP2onchk+vTGB143xuFjHS3deTgkKoXXymXqymiIdA==",
      "requires": {
        "inherits": "^2.0.3",
        "string_decoder": "^1.1.1",
        "util-deprecate": "^1.0.1"
      }
    },
    "safe-buffer": {
      "version": "5.2.1",
      "resolved": "https://registry.npmjs.org/safe-buffer/-/safe-buffer-5.2.1.tgz",
      "integrity": "sha512-rp3So07KcdmmKbGvgaNxQSJr7bGVSVk5S9Eq1F+ppbRo70+YeaDxkw5Dd8NPN+GD6bjnYm2VuPuCXmpuYvmCXQ=="
    },
    "semver": {
      "version": "6.3.0",
      "resolved": "https://registry.npmjs.org/semver/-/semver-6.3.0.tgz",
      "integrity": "sha512-b39TBaTSfV6yBrapU89p5fKekE2m/NwnDocOVruQFS1/veMgdzuPcnOM34M6CwxW8jH/lxEa5rBoDeUwu5HHTw=="
    },
    "setimmediate": {
      "version": "1.0.5",
      "resolved": "https://registry.npmjs.org/setimmediate/-/setimmediate-1.0.5.tgz",
      "integrity": "sha1-KQy7Iy4waULX1+qbg3Mqt4VvgoU="
    },
    "string_decoder": {
      "version": "1.3.0",
      "resolved": "https://registry.npmjs.org/string_decoder/-/string_decoder-1.3.0.tgz",
      "integrity": "sha512-hkRX8U1WjJFd8LsDJ2yQ/wWWxaopEsABU1XfkM8A+j0+85JAGppt16cr1Whg6KIbb4okU6Mql6BOj+uup/wKeA==",
      "requires": {
        "safe-buffer": "~5.2.0"
      }
    },
    "util-deprecate": {
      "version": "1.0.2",
      "resolved": "https://registry.npmjs.org/util-deprecate/-/util-deprecate-1.0.2.tgz",
      "integrity": "sha1-RQ1Nyfpw3nMnYvvS1KKJgUGaDM8="
    },
    "yallist": {
      "version": "4.0.0",
      "resolved": "https://registry.npmjs.org/yallist/-/yallist-4.0.0.tgz",
      "integrity": "sha512-3wdGidZyq5PB084XLES5TpOSRA3wjXAlIWMhum2kRcv/41Sn2emQ0dycQW4uZXLejwKvg6EsvbdlVL+FYEct7A=="
    }
  }
}
